
Microsoft Visual Studio Solution File, Format Version 12.00
# Visual Studio Version 16
VisualStudioVersion = 16.0.29519.87
MinimumVisualStudioVersion = 10.0.40219.1
Project("{FAE04EC0-301F-11D3-BF4B-00C04F79EFBC}") = "Ветвление", "Ветвление.csproj", "{6BA0500E-9440-43CF-9F24-5C925BABB230}"
EndProject
Global
	GlobalSection(SolutionConfigurationPlatforms) = preSolution
		Debug|Any CPU = Debug|Any CPU
		Release|Any CPU = Release|Any CPU
	EndGlobalSection
	GlobalSection(ProjectConfigurationPlatforms) = postSolution
		{6BA0500E-9440-43CF-9F24-5C925BABB230}.Debug|Any CPU.ActiveCfg = Debug|Any CPU
		{6BA0500E-9440-43CF-9F24-5C925BABB230}.Debug|Any CPU.Build.0 = Debug|Any CPU
		{6BA0500E-9440-43CF-9F24-5C925BABB230}.Release|Any CPU.ActiveCfg = Release|Any CPU
		{6BA0500E-9440-43CF-9F24-5C925BABB230}.Release|Any CPU.Build.0 = Release|Any CPU
	EndGlobalSection
	GlobalSection(SolutionProperties) = preSolution
		HideSolutionNode = FALSE
	EndGlobalSection
	GlobalSection(ExtensibilityGlobals) = postSolution
		SolutionGuid = {3849CF1A-581F-471C-9903-BDA07DEBB80C}
	EndGlobalSection
EndGlobal
